
Microsoft Visual Studio Solution File, Format Version 12.00
# Visual Studio Version 17
VisualStudioVersion = 17.6.33815.320
MinimumVisualStudioVersion = 10.0.40219.1
Project("{FAE04EC0-301F-11D3-BF4B-00C04F79EFBC}") = "Monogame Topic 5", "Monogame Topic 5.csproj", "{9B9E317C-292B-460C-A534-143B4C3FE6FC}"
EndProject
Global
	GlobalSection(SolutionConfigurationPlatforms) = preSolution
		Debug|Any CPU = Debug|Any CPU
		Release|Any CPU = Release|Any CPU
	EndGlobalSection
	GlobalSection(ProjectConfigurationPlatforms) = postSolution
		{9B9E317C-292B-460C-A534-143B4C3FE6FC}.Debug|Any CPU.ActiveCfg = Debug|Any CPU
		{9B9E317C-292B-460C-A534-143B4C3FE6FC}.Debug|Any CPU.Build.0 = Debug|Any CPU
		{9B9E317C-292B-460C-A534-143B4C3FE6FC}.Release|Any CPU.ActiveCfg = Release|Any CPU
		{9B9E317C-292B-460C-A534-143B4C3FE6FC}.Release|Any CPU.Build.0 = Release|Any CPU
	EndGlobalSection
	GlobalSection(SolutionProperties) = preSolution
		HideSolutionNode = FALSE
	EndGlobalSection
	GlobalSection(ExtensibilityGlobals) = postSolution
		SolutionGuid = {EA60C007-EB18-435C-A335-5DFA9B2B2EEC}
	EndGlobalSection
EndGlobal
